{
  "name": "my_app",
  "lockfileVersion": 3,
  "requires": true,
  "packages": {
    "": {
      "dependencies": {
        "@sentry/svelte": "^7.120.4-alpha.1"
      }
    },
    "node_modules/@ampproject/remapping": {
      "version": "2.3.0",
      "resolved": "https://registry.npmjs.org/@ampproject/remapping/-/remapping-2.3.0.tgz",
      "integrity": "sha512-30iZtAPgz+LTIYoeivqYo853f02jBYSd5uGnGpkFV0M3xOt9aN73erkgYAmZU43x4VfqcnLxW9Kpg3R5LC4YYw==",
      "license": "Apache-2.0",
      "peer": true,
      "dependencies": {
        "@jridgewell/gen-mapping": "^0.3.5",
        "@jridgewell/trace-mapping": "^0.3.24"
      },
      "engines": {
        "node": ">=6.0.0"
      }
    },
    "node_modules/@jridgewell/gen-mapping": {
      "version": "0.3.13",
      "resolved": "https://registry.npmjs.org/@jridgewell/gen-mapping/-/gen-mapping-0.3.13.tgz",
      "integrity": "sha512-2kkt/7niJ6MgEPxF0bYdQ6etZaA+fQvDcLKckhy1yIQOzaoKjBBjSj63/aLVjYE3qhRt5dvM+uUyfCg6UKCBbA==",
      "license": "MIT",
      "peer": true,
      "dependencies": {
        "@jridgewell/sourcemap-codec": "^1.5.0",
        "@jridgewell/trace-mapping": "^0.3.24"
      }
    },
    "node_modules/@jridgewell/resolve-uri": {
      "version": "3.1.2",
      "resolved": "https://registry.npmjs.org/@jridgewell/resolve-uri/-/resolve-uri-3.1.2.tgz",
      "integrity": "sha512-bRISgCIjP20/tbWSPWMEi54QVPRZExkuD9lJL+UIxUKtwVJA8wW1Trb1jMs1RFXo1CBTNZ/5hpC9QvmKWdopKw==",
      "license": "MIT",
      "peer": true,
      "engines": {
        "node": ">=6.0.0"
      }
    },
    "node_modules/@jridgewell/sourcemap-codec": {
      "version": "1.5.5",
      "resolved": "https://registry.npmjs.org/@jridgewell/sourcemap-codec/-/sourcemap-codec-1.5.5.tgz",
      "integrity": "sha512-cYQ9310grqxueWbl+WuIUIaiUaDcj7WOq5fVhEljNVgRfOUhY9fy2zTvfoqWsnebh8Sl70VScFbICvJnLKB0Og==",
      "license": "MIT"
    },
    "node_modules/@jridgewell/trace-mapping": {
      "version": "0.3.31",
      "resolved": "https://registry.npmjs.org/@jridgewell/trace-mapping/-/trace-mapping-0.3.31.tgz",
      "integrity": "sha512-zzNR+SdQSDJzc8joaeP8QQoCQr8NuYx2dIIytl1QeBEZHJ9uW6hebsrYgbz8hJwUQao3TWCMtmfV8Nu1twOLAw==",
      "license": "MIT",
      "peer": true,
      "dependencies": {
        "@jridgewell/resolve-uri": "^3.1.0",
        "@jridgewell/sourcemap-codec": "^1.4.14"
      }
    },
    "node_modules/@sentry-internal/feedback": {
      "version": "7.120.4-alpha.1",
      "resolved": "https://registry.npmjs.org/@sentry-internal/feedback/-/feedback-7.120.4-alpha.1.tgz",
      "integrity": "sha512-42odQiojAEoJUolXnNdU05T1MqQ60zeQu2S52h8w1NfjXmwQFOKwNOBSrrztGbrkVQQ+S/fNy03tn4OY+iDUjw==",
      "license": "MIT",
      "dependencies": {
        "@sentry/core": "7.120.4-alpha.1",
        "@sentry/types": "7.120.4-alpha.1",
        "@sentry/utils": "7.120.4-alpha.1"
      },
      "engines": {
        "node": ">=12"
      }
    },
    "node_modules/@sentry-internal/replay-canvas": {
      "version": "7.120.4-alpha.1",
      "resolved": "https://registry.npmjs.org/@sentry-internal/replay-canvas/-/replay-canvas-7.120.4-alpha.1.tgz",
      "integrity": "sha512-3Eeza5FaESIGoQSxEI5Z6EebpTZfrgk8QjWlCI0DQ0kBohZd5Z/qoOKeIx+Fhf4SG/eMRVGU67cOsDXXoIancg==",
      "license": "MIT",
      "dependencies": {
        "@sentry/core": "7.120.4-alpha.1",
        "@sentry/replay": "7.120.4-alpha.1",
        "@sentry/types": "7.120.4-alpha.1",
        "@sentry/utils": "7.120.4-alpha.1"
      },
      "engines": {
        "node": ">=12"
      }
    },
    "node_modules/@sentry-internal/tracing": {
      "version": "7.120.4-alpha.1",
      "resolved": "https://registry.npmjs.org/@sentry-internal/tracing/-/tracing-7.120.4-alpha.1.tgz",
      "integrity": "sha512-9zew13n6OT+qKUIK3deOiI21uaRpvntQAtQ7utYRf63Uu/OQqIjbYbk99xfT/hCEr0lqIQV7qx8jEF/SH4ZPAQ==",
      "license": "MIT",
      "dependencies": {
        "@sentry/core": "7.120.4-alpha.1",
        "@sentry/types": "7.120.4-alpha.1",
        "@sentry/utils": "7.120.4-alpha.1"
      },
      "engines": {
        "node": ">=8"
      }
    },
    "node_modules/@sentry/browser": {
      "version": "7.120.4-alpha.1",
      "resolved": "https://registry.npmjs.org/@sentry/browser/-/browser-7.120.4-alpha.1.tgz",
      "integrity": "sha512-fXHg7OHqLtawJllBmEdiiR73n9k8tGe2qHQqTaCrSM50x0aYlApPQakvFnrRM8RVm+RpFKxbMG5N5aS57D5cHg==",
      "license": "MIT",
      "dependencies": {
        "@sentry-internal/feedback": "7.120.4-alpha.1",
        "@sentry-internal/replay-canvas": "7.120.4-alpha.1",
        "@sentry-internal/tracing": "7.120.4-alpha.1",
        "@sentry/core": "7.120.4-alpha.1",
        "@sentry/integrations": "7.120.4-alpha.1",
        "@sentry/replay": "7.120.4-alpha.1",
        "@sentry/types": "7.120.4-alpha.1",
        "@sentry/utils": "7.120.4-alpha.1"
      },
      "engines": {
        "node": ">=8"
      }
    },
    "node_modules/@sentry/core": {
      "version": "7.120.4-alpha.1",
      "resolved": "https://registry.npmjs.org/@sentry/core/-/core-7.120.4-alpha.1.tgz",
      "integrity": "sha512-/Akl8CFY4W/A/FfLMV99WYG5S1EJ4eyaX8irKVIgTdXkCt/2u7ZLDfDcqLJPNpmJyttBGVWl9yUWBecLxnbdjQ==",
      "license": "MIT",
      "dependencies": {
        "@sentry/types": "7.120.4-alpha.1",
        "@sentry/utils": "7.120.4-alpha.1"
      },
      "engines": {
        "node": ">=8"
      }
    },
    "node_modules/@sentry/integrations": {
      "version": "7.120.4-alpha.1",
      "resolved": "https://registry.npmjs.org/@sentry/integrations/-/integrations-7.120.4-alpha.1.tgz",
      "integrity": "sha512-MAF+DARkUr+X4kUhwK+kIx4jXBDutqBdPX9KoL2UIplGav4MHOu6lmQTsad2Y8HTd35p2vjCp8bheM040Coamw==",
      "license": "MIT",
      "dependencies": {
        "@sentry/core": "7.120.4-alpha.1",
        "@sentry/types": "7.120.4-alpha.1",
        "@sentry/utils": "7.120.4-alpha.1",
        "localforage": "^1.8.1"
      },
      "engines": {
        "node": ">=8"
      }
    },
    "node_modules/@sentry/replay": {
      "version": "7.120.4-alpha.1",
      "resolved": "https://registry.npmjs.org/@sentry/replay/-/replay-7.120.4-alpha.1.tgz",
      "integrity": "sha512-MFHr8rfAPO9HMWKYuve/vi1JuGzvGkMnxIY6SicDuo1kGMQqslxfRvH2yUx4OKceNc0LiiLAPiOGBx/cswy4Dg==",
      "license": "MIT",
      "dependencies": {
        "@sentry-internal/tracing": "7.120.4-alpha.1",
        "@sentry/core": "7.120.4-alpha.1",
        "@sentry/types": "7.120.4-alpha.1",
        "@sentry/utils": "7.120.4-alpha.1"
      },
      "engines": {
        "node": ">=12"
      }
    },
    "node_modules/@sentry/svelte": {
      "version": "7.120.4-alpha.1",
      "resolved": "https://registry.npmjs.org/@sentry/svelte/-/svelte-7.120.4-alpha.1.tgz",
      "integrity": "sha512-O1L/C9GkCez7QfQpT4ZE5WU5y5a1nqPYklKARBnaEQBfkwlw8TleXNwnpMh71eDbcbPMdYna62Ec71yp44HFlg==",
      "license": "MIT",
      "dependencies": {
        "@sentry/browser": "7.120.4-alpha.1",
        "@sentry/core": "7.120.4-alpha.1",
        "@sentry/types": "7.120.4-alpha.1",
        "@sentry/utils": "7.120.4-alpha.1",
        "magic-string": "^0.30.0"
      },
      "engines": {
        "node": ">=8"
      },
      "peerDependencies": {
        "svelte": "3.x || 4.x"
      }
    },
    "node_modules/@sentry/types": {
      "version": "7.120.4-alpha.1",
      "resolved": "https://registry.npmjs.org/@sentry/types/-/types-7.120.4-alpha.1.tgz",
      "integrity": "sha512-aFrQTm7sOs5+W7MPX4GXEKr8oK5smY6x2iOmxBqm2+4OQlAZ7X6JjkJIGUtgFgxnOaCI/sHicEXs4XNSp8HS4A==",
      "license": "MIT",
      "engines": {
        "node": ">=8"
      }
    },
    "node_modules/@sentry/utils": {
      "version": "7.120.4-alpha.1",
      "resolved": "https://registry.npmjs.org/@sentry/utils/-/utils-7.120.4-alpha.1.tgz",
      "integrity": "sha512-CNA6vhliHS/DPzKIq9ety9d4GLp/TJYUiQEqJtkyit0tgqzyBpnxwXIqpVw7sLeSJ0YII9wKgvJIRpb3z/GBxA==",
      "license": "MIT",
      "dependencies": {
        "@sentry/types": "7.120.4-alpha.1"
      },
      "engines": {
        "node": ">=8"
      }
    },
    "node_modules/@types/estree": {
      "version": "1.0.8",
      "resolved": "https://registry.npmjs.org/@types/estree/-/estree-1.0.8.tgz",
      "integrity": "sha512-dWHzHa2WqEXI/O1E9OjrocMTKJl2mSrEolh1Iomrv6U+JuNwaHXsXx9bLu5gG7BUWFIN0skIQJQ/L1rIex4X6w==",
      "license": "MIT",
      "peer": true
    },
    "node_modules/acorn": {
      "version": "8.15.0",
      "resolved": "https://registry.npmjs.org/acorn/-/acorn-8.15.0.tgz",
      "integrity": "sha512-NZyJarBfL7nWwIq+FDL6Zp/yHEhePMNnnJ0y3qfieCrmNvYct8uvtiV41UvlSe6apAfk0fY1FbWx+NwfmpvtTg==",
      "license": "MIT",
      "peer": true,
      "bin": {
        "acorn": "bin/acorn"
      },
      "engines": {
        "node": ">=0.4.0"
      }
    },
    "node_modules/aria-query": {
      "version": "5.3.2",
      "resolved": "https://registry.npmjs.org/aria-query/-/aria-query-5.3.2.tgz",
      "integrity": "sha512-COROpnaoap1E2F000S62r6A60uHZnmlvomhfyT2DlTcrY1OrBKn2UhH7qn5wTC9zMvD0AY7csdPSNwKP+7WiQw==",
      "license": "Apache-2.0",
      "peer": true,
      "engines": {
        "node": ">= 0.4"
      }
    },
    "node_modules/axobject-query": {
      "version": "4.1.0",
      "resolved": "https://registry.npmjs.org/axobject-query/-/axobject-query-4.1.0.tgz",
      "integrity": "sha512-qIj0G9wZbMGNLjLmg1PT6v2mE9AH2zlnADJD/2tC6E00hgmhUOfEB6greHPAfLRSufHqROIUTkw6E+M3lH0PTQ==",
      "license": "Apache-2.0",
      "peer": true,
      "engines": {
        "node": ">= 0.4"
      }
    },
    "node_modules/code-red": {
      "version": "1.0.4",
      "resolved": "https://registry.npmjs.org/code-red/-/code-red-1.0.4.tgz",
      "integrity": "sha512-7qJWqItLA8/VPVlKJlFXU+NBlo/qyfs39aJcuMT/2ere32ZqvF5OSxgdM5xOfJJ7O429gg2HM47y8v9P+9wrNw==",
      "license": "MIT",
      "peer": true,
      "dependencies": {
        "@jridgewell/sourcemap-codec": "^1.4.15",
        "@types/estree": "^1.0.1",
        "acorn": "^8.10.0",
        "estree-walker": "^3.0.3",
        "periscopic": "^3.1.0"
      }
    },
    "node_modules/css-tree": {
      "version": "2.3.1",
      "resolved": "https://registry.npmjs.org/css-tree/-/css-tree-2.3.1.tgz",
      "integrity": "sha512-6Fv1DV/TYw//QF5IzQdqsNDjx/wc8TrMBZsqjL9eW01tWb7R7k/mq+/VXfJCl7SoD5emsJop9cOByJZfs8hYIw==",
      "license": "MIT",
      "peer": true,
      "dependencies": {
        "mdn-data": "2.0.30",
        "source-map-js": "^1.0.1"
      },
      "engines": {
        "node": "^10 || ^12.20.0 || ^14.13.0 || >=15.0.0"
      }
    },
    "node_modules/estree-walker": {
      "version": "3.0.3",
      "resolved": "https://registry.npmjs.org/estree-walker/-/estree-walker-3.0.3.tgz",
      "integrity": "sha512-7RUKfXgSMMkzt6ZuXmqapOurLGPPfgj6l9uRZ7lRGolvk0y2yocc35LdcxKC5PQZdn2DMqioAQ2NoWcrTKmm6g==",
      "license": "MIT",
      "peer": true,
      "dependencies": {
        "@types/estree": "^1.0.0"
      }
    },
    "node_modules/immediate": {
      "version": "3.0.6",
      "resolved": "https://registry.npmjs.org/immediate/-/immediate-3.0.6.tgz",
      "integrity": "sha512-XXOFtyqDjNDAQxVfYxuF7g9Il/IbWmmlQg2MYKOH8ExIT1qg6xc4zyS3HaEEATgs1btfzxq15ciUiY7gjSXRGQ==",
      "license": "MIT"
    },
    "node_modules/is-reference": {
      "version": "3.0.3",
      "resolved": "https://registry.npmjs.org/is-reference/-/is-reference-3.0.3.tgz",
      "integrity": "sha512-ixkJoqQvAP88E6wLydLGGqCJsrFUnqoH6HnaczB8XmDH1oaWU+xxdptvikTgaEhtZ53Ky6YXiBuUI2WXLMCwjw==",
      "license": "MIT",
      "peer": true,
      "dependencies": {
        "@types/estree": "^1.0.6"
      }
    },
    "node_modules/lie": {
      "version": "3.1.1",
      "resolved": "https://registry.npmjs.org/lie/-/lie-3.1.1.tgz",
      "integrity": "sha512-RiNhHysUjhrDQntfYSfY4MU24coXXdEOgw9WGcKHNeEwffDYbF//u87M1EWaMGzuFoSbqW0C9C6lEEhDOAswfw==",
      "license": "MIT",
      "dependencies": {
        "immediate": "~3.0.5"
      }
    },
    "node_modules/localforage": {
      "version": "1.10.0",
      "resolved": "https://registry.npmjs.org/localforage/-/localforage-1.10.0.tgz",
      "integrity": "sha512-14/H1aX7hzBBmmh7sGPd+AOMkkIrHM3Z1PAyGgZigA1H1p5O5ANnMyWzvpAETtG68/dC4pC0ncy3+PPGzXZHPg==",
      "license": "Apache-2.0",
      "dependencies": {
        "lie": "3.1.1"
      }
    },
    "node_modules/locate-character": {
      "version": "3.0.0",
      "resolved": "https://registry.npmjs.org/locate-character/-/locate-character-3.0.0.tgz",
      "integrity": "sha512-SW13ws7BjaeJ6p7Q6CO2nchbYEc3X3J6WrmTTDto7yMPqVSZTUyY5Tjbid+Ab8gLnATtygYtiDIJGQRRn2ZOiA==",
      "license": "MIT",
      "peer": true
    },
    "node_modules/magic-string": {
      "version": "0.30.21",
      "resolved": "https://registry.npmjs.org/magic-string/-/magic-string-0.30.21.tgz",
      "integrity": "sha512-vd2F4YUyEXKGcLHoq+TEyCjxueSeHnFxyyjNp80yg0XV4vUhnDer/lvvlqM/arB5bXQN5K2/3oinyCRyx8T2CQ==",
      "license": "MIT",
      "dependencies": {
        "@jridgewell/sourcemap-codec": "^1.5.5"
      }
    },
    "node_modules/mdn-data": {
      "version": "2.0.30",
      "resolved": "https://registry.npmjs.org/mdn-data/-/mdn-data-2.0.30.tgz",
      "integrity": "sha512-GaqWWShW4kv/G9IEucWScBx9G1/vsFZZJUO+tD26M8J8z3Kw5RDQjaoZe03YAClgeS/SWPOcb4nkFBTEi5DUEA==",
      "license": "CC0-1.0",
      "peer": true
    },
    "node_modules/periscopic": {
      "version": "3.1.0",
      "resolved": "https://registry.npmjs.org/periscopic/-/periscopic-3.1.0.tgz",
      "integrity": "sha512-vKiQ8RRtkl9P+r/+oefh25C3fhybptkHKCZSPlcXiJux2tJF55GnEj3BVn4A5gKfq9NWWXXrxkHBwVPUfH0opw==",
      "license": "MIT",
      "peer": true,
      "dependencies": {
        "@types/estree": "^1.0.0",
        "estree-walker": "^3.0.0",
        "is-reference": "^3.0.0"
      }
    },
    "node_modules/source-map-js": {
      "version": "1.2.1",
      "resolved": "https://registry.npmjs.org/source-map-js/-/source-map-js-1.2.1.tgz",
      "integrity": "sha512-UXWMKhLOwVKb728IUtQPXxfYU+usdybtUrK/8uGE8CQMvrhOpwvzDBwj0QhSL7MQc7vIsISBG8VQ8+IDQxpfQA==",
      "license": "BSD-3-Clause",
      "peer": true,
      "engines": {
        "node": ">=0.10.0"
      }
    },
    "node_modules/svelte": {
      "version": "4.2.20",
      "resolved": "https://registry.npmjs.org/svelte/-/svelte-4.2.20.tgz",
      "integrity": "sha512-eeEgGc2DtiUil5ANdtd8vPwt9AgaMdnuUFnPft9F5oMvU/FHu5IHFic+p1dR/UOB7XU2mX2yHW+NcTch4DCh5Q==",
      "license": "MIT",
      "peer": true,
      "dependencies": {
        "@ampproject/remapping": "^2.2.1",
        "@jridgewell/sourcemap-codec": "^1.4.15",
        "@jridgewell/trace-mapping": "^0.3.18",
        "@types/estree": "^1.0.1",
        "acorn": "^8.9.0",
        "aria-query": "^5.3.0",
        "axobject-query": "^4.0.0",
        "code-red": "^1.0.3",
        "css-tree": "^2.3.1",
        "estree-walker": "^3.0.3",
        "is-reference": "^3.0.1",
        "locate-character": "^3.0.0",
        "magic-string": "^0.30.4",
        "periscopic": "^3.1.0"
      },
      "engines": {
        "node": ">=16"
      }
    }
  }
}
